
Microsoft Visual Studio Solution File, Format Version 12.00
# Visual Studio Version 16
VisualStudioVersion = 16.0.30011.22
MinimumVisualStudioVersion = 10.0.40219.1
Project("{2150E333-8FDC-42A3-9474-1A3956D46DE8}") = "Microservices", "Microservices", "{F7CC74DB-750C-424F-B5EF-A899831C1D1C}"
EndProject
Project("{2150E333-8FDC-42A3-9474-1A3956D46DE8}") = "Domain", "Domain", "{F8F611B1-F4DC-4DE7-A39A-9E0077725EC3}"
EndProject
Project("{2150E333-8FDC-42A3-9474-1A3956D46DE8}") = "Presentation", "Presentation", "{C2E9FDE2-1939-4465-88B6-824CAE06D350}"
EndProject
Project("{2150E333-8FDC-42A3-9474-1A3956D46DE8}") = "Infra.Bus", "Infra.Bus", "{267B41D7-497D-4D96-93F8-02EF808492CB}"
EndProject
Project("{2150E333-8FDC-42A3-9474-1A3956D46DE8}") = "Infra.Ioc", "Infra.Ioc", "{6A6EEB32-D5B2-4F2B-B65D-5E239749DDE9}"
EndProject
Project("{9A19103F-16F7-4668-BE54-9A1E7A4F7556}") = "MicroRabbit.Domain.Core", "MicroRabbit.Domain.Core\MicroRabbit.Domain.Core.csproj", "{9D254DE6-4C1B-473E-935D-A087CFF96350}"
EndProject
Project("{9A19103F-16F7-4668-BE54-9A1E7A4F7556}") = "RabbitMqInfraBus", "RabbitMqInfraBus\RabbitMqInfraBus.csproj", "{2B8C69DD-CC77-4F16-B4EC-AED2C6BAF2DE}"
EndProject
Project("{2150E333-8FDC-42A3-9474-1A3956D46DE8}") = "Banking", "Banking", "{1265C217-442C-450E-A0D4-D17F44B68E64}"
EndProject
Project("{2150E333-8FDC-42A3-9474-1A3956D46DE8}") = "API", "API", "{93DBB3E1-45F4-4D6B-B4B3-4504057B8F43}"
EndProject
Project("{2150E333-8FDC-42A3-9474-1A3956D46DE8}") = "Application", "Application", "{A5EA1BE8-BDC8-4F6D-B4B2-9E00C2804CED}"
EndProject
Project("{2150E333-8FDC-42A3-9474-1A3956D46DE8}") = "Domain", "Domain", "{CEB3EFB8-20FA-4ECD-9125-A44A2B5DC5E1}"
EndProject
Project("{2150E333-8FDC-42A3-9474-1A3956D46DE8}") = "Data", "Data", "{5A668D29-E11E-45F4-90CB-C4CF44CFC7F3}"
EndProject
Project("{FAE04EC0-301F-11D3-BF4B-00C04F79EFBC}") = "Microrabbit.Banking.Api", "Microrabbit.Banking.Api\Microrabbit.Banking.Api.csproj", "{5E8ED502-E373-4D1C-B974-3CCA987175C6}"
EndProject
Project("{FAE04EC0-301F-11D3-BF4B-00C04F79EFBC}") = "Microrabbit.Banking.Application", "Microrabbit.Banking.Application\Microrabbit.Banking.Application.csproj", "{25FD70EB-146C-427C-9FB5-2D1BCF446779}"
EndProject
Project("{FAE04EC0-301F-11D3-BF4B-00C04F79EFBC}") = "Microrabbit.Banking.Data", "Microrabbit.Banking.Data\Microrabbit.Banking.Data.csproj", "{0AC3390B-2D20-4628-8B06-A5D9E49C01BE}"
EndProject
Project("{FAE04EC0-301F-11D3-BF4B-00C04F79EFBC}") = "Microrabbit.banking.domain", "Microrabbit.banking.domain\Microrabbit.banking.domain.csproj", "{C8D337EB-0A73-4501-A727-3F24D33A336D}"
EndProject
Project("{FAE04EC0-301F-11D3-BF4B-00C04F79EFBC}") = "MicroRabbit.Infra.IOC", "MicroRabbit.Infra.IOC\MicroRabbit.Infra.IOC.csproj", "{54B3E07E-B61E-4A08-862F-752AB301DC1F}"
EndProject
Global
	GlobalSection(SolutionConfigurationPlatforms) = preSolution
		Debug|Any CPU = Debug|Any CPU
		Release|Any CPU = Release|Any CPU
	EndGlobalSection
	GlobalSection(ProjectConfigurationPlatforms) = postSolution
		{9D254DE6-4C1B-473E-935D-A087CFF96350}.Debug|Any CPU.ActiveCfg = Debug|Any CPU
		{9D254DE6-4C1B-473E-935D-A087CFF96350}.Debug|Any CPU.Build.0 = Debug|Any CPU
		{9D254DE6-4C1B-473E-935D-A087CFF96350}.Release|Any CPU.ActiveCfg = Release|Any CPU
		{9D254DE6-4C1B-473E-935D-A087CFF96350}.Release|Any CPU.Build.0 = Release|Any CPU
		{2B8C69DD-CC77-4F16-B4EC-AED2C6BAF2DE}.Debug|Any CPU.ActiveCfg = Debug|Any CPU
		{2B8C69DD-CC77-4F16-B4EC-AED2C6BAF2DE}.Debug|Any CPU.Build.0 = Debug|Any CPU
		{2B8C69DD-CC77-4F16-B4EC-AED2C6BAF2DE}.Release|Any CPU.ActiveCfg = Release|Any CPU
		{2B8C69DD-CC77-4F16-B4EC-AED2C6BAF2DE}.Release|Any CPU.Build.0 = Release|Any CPU
		{5E8ED502-E373-4D1C-B974-3CCA987175C6}.Debug|Any CPU.ActiveCfg = Debug|Any CPU
		{5E8ED502-E373-4D1C-B974-3CCA987175C6}.Debug|Any CPU.Build.0 = Debug|Any CPU
		{5E8ED502-E373-4D1C-B974-3CCA987175C6}.Release|Any CPU.ActiveCfg = Release|Any CPU
		{5E8ED502-E373-4D1C-B974-3CCA987175C6}.Release|Any CPU.Build.0 = Release|Any CPU
		{25FD70EB-146C-427C-9FB5-2D1BCF446779}.Debug|Any CPU.ActiveCfg = Debug|Any CPU
		{25FD70EB-146C-427C-9FB5-2D1BCF446779}.Debug|Any CPU.Build.0 = Debug|Any CPU
		{25FD70EB-146C-427C-9FB5-2D1BCF446779}.Release|Any CPU.ActiveCfg = Release|Any CPU
		{25FD70EB-146C-427C-9FB5-2D1BCF446779}.Release|Any CPU.Build.0 = Release|Any CPU
		{0AC3390B-2D20-4628-8B06-A5D9E49C01BE}.Debug|Any CPU.ActiveCfg = Debug|Any CPU
		{0AC3390B-2D20-4628-8B06-A5D9E49C01BE}.Debug|Any CPU.Build.0 = Debug|Any CPU
		{0AC3390B-2D20-4628-8B06-A5D9E49C01BE}.Release|Any CPU.ActiveCfg = Release|Any CPU
		{0AC3390B-2D20-4628-8B06-A5D9E49C01BE}.Release|Any CPU.Build.0 = Release|Any CPU
		{C8D337EB-0A73-4501-A727-3F24D33A336D}.Debug|Any CPU.ActiveCfg = Debug|Any CPU
		{C8D337EB-0A73-4501-A727-3F24D33A336D}.Debug|Any CPU.Build.0 = Debug|Any CPU
		{C8D337EB-0A73-4501-A727-3F24D33A336D}.Release|Any CPU.ActiveCfg = Release|Any CPU
		{C8D337EB-0A73-4501-A727-3F24D33A336D}.Release|Any CPU.Build.0 = Release|Any CPU
		{54B3E07E-B61E-4A08-862F-752AB301DC1F}.Debug|Any CPU.ActiveCfg = Debug|Any CPU
		{54B3E07E-B61E-4A08-862F-752AB301DC1F}.Debug|Any CPU.Build.0 = Debug|Any CPU
		{54B3E07E-B61E-4A08-862F-752AB301DC1F}.Release|Any CPU.ActiveCfg = Release|Any CPU
		{54B3E07E-B61E-4A08-862F-752AB301DC1F}.Release|Any CPU.Build.0 = Release|Any CPU
	EndGlobalSection
	GlobalSection(SolutionProperties) = preSolution
		HideSolutionNode = FALSE
	EndGlobalSection
	GlobalSection(NestedProjects) = preSolution
		{9D254DE6-4C1B-473E-935D-A087CFF96350} = {F8F611B1-F4DC-4DE7-A39A-9E0077725EC3}
		{2B8C69DD-CC77-4F16-B4EC-AED2C6BAF2DE} = {267B41D7-497D-4D96-93F8-02EF808492CB}
		{1265C217-442C-450E-A0D4-D17F44B68E64} = {F7CC74DB-750C-424F-B5EF-A899831C1D1C}
		{93DBB3E1-45F4-4D6B-B4B3-4504057B8F43} = {1265C217-442C-450E-A0D4-D17F44B68E64}
		{A5EA1BE8-BDC8-4F6D-B4B2-9E00C2804CED} = {1265C217-442C-450E-A0D4-D17F44B68E64}
		{CEB3EFB8-20FA-4ECD-9125-A44A2B5DC5E1} = {1265C217-442C-450E-A0D4-D17F44B68E64}
		{5A668D29-E11E-45F4-90CB-C4CF44CFC7F3} = {1265C217-442C-450E-A0D4-D17F44B68E64}
		{5E8ED502-E373-4D1C-B974-3CCA987175C6} = {93DBB3E1-45F4-4D6B-B4B3-4504057B8F43}
		{25FD70EB-146C-427C-9FB5-2D1BCF446779} = {A5EA1BE8-BDC8-4F6D-B4B2-9E00C2804CED}
		{0AC3390B-2D20-4628-8B06-A5D9E49C01BE} = {5A668D29-E11E-45F4-90CB-C4CF44CFC7F3}
		{C8D337EB-0A73-4501-A727-3F24D33A336D} = {CEB3EFB8-20FA-4ECD-9125-A44A2B5DC5E1}
		{54B3E07E-B61E-4A08-862F-752AB301DC1F} = {6A6EEB32-D5B2-4F2B-B65D-5E239749DDE9}
	EndGlobalSection
	GlobalSection(ExtensibilityGlobals) = postSolution
		SolutionGuid = {325FA578-35A9-435D-A620-1C7CA5AF1E21}
	EndGlobalSection
EndGlobal
