
Microsoft Visual Studio Solution File, Format Version 12.00
# Visual Studio 15
VisualStudioVersion = 15.0.26228.98
MinimumVisualStudioVersion = 10.0.40219.1
Project("{2150E333-8FDC-42A3-9474-1A3956D46DE8}") = "Microservices", "Microservices", "{F7CC74DB-750C-424F-B5EF-A899831C1D1C}"
EndProject
Project("{2150E333-8FDC-42A3-9474-1A3956D46DE8}") = "Domain", "Domain", "{F8F611B1-F4DC-4DE7-A39A-9E0077725EC3}"
EndProject
Project("{2150E333-8FDC-42A3-9474-1A3956D46DE8}") = "Presentation", "Presentation", "{C2E9FDE2-1939-4465-88B6-824CAE06D350}"
EndProject
Project("{2150E333-8FDC-42A3-9474-1A3956D46DE8}") = "Infra.Bus", "Infra.Bus", "{267B41D7-497D-4D96-93F8-02EF808492CB}"
EndProject
Project("{2150E333-8FDC-42A3-9474-1A3956D46DE8}") = "Infra.Ioc", "Infra.Ioc", "{6A6EEB32-D5B2-4F2B-B65D-5E239749DDE9}"
EndProject
Project("{9A19103F-16F7-4668-BE54-9A1E7A4F7556}") = "MicroRabbit.Domain.Core", "MicroRabbit.Domain.Core\MicroRabbit.Domain.Core.csproj", "{9D254DE6-4C1B-473E-935D-A087CFF96350}"
EndProject
Project("{FAE04EC0-301F-11D3-BF4B-00C04F79EFBC}") = "RabbitMqInfraBus", "RabbitMqInfraBus\RabbitMqInfraBus.csproj", "{2B8C69DD-CC77-4F16-B4EC-AED2C6BAF2DE}"
EndProject
Global
	GlobalSection(SolutionConfigurationPlatforms) = preSolution
		Debug|Any CPU = Debug|Any CPU
		Release|Any CPU = Release|Any CPU
	EndGlobalSection
	GlobalSection(ProjectConfigurationPlatforms) = postSolution
		{9D254DE6-4C1B-473E-935D-A087CFF96350}.Debug|Any CPU.ActiveCfg = Debug|Any CPU
		{9D254DE6-4C1B-473E-935D-A087CFF96350}.Debug|Any CPU.Build.0 = Debug|Any CPU
		{9D254DE6-4C1B-473E-935D-A087CFF96350}.Release|Any CPU.ActiveCfg = Release|Any CPU
		{9D254DE6-4C1B-473E-935D-A087CFF96350}.Release|Any CPU.Build.0 = Release|Any CPU
		{2B8C69DD-CC77-4F16-B4EC-AED2C6BAF2DE}.Debug|Any CPU.ActiveCfg = Debug|Any CPU
		{2B8C69DD-CC77-4F16-B4EC-AED2C6BAF2DE}.Debug|Any CPU.Build.0 = Debug|Any CPU
		{2B8C69DD-CC77-4F16-B4EC-AED2C6BAF2DE}.Release|Any CPU.ActiveCfg = Release|Any CPU
		{2B8C69DD-CC77-4F16-B4EC-AED2C6BAF2DE}.Release|Any CPU.Build.0 = Release|Any CPU
	EndGlobalSection
	GlobalSection(SolutionProperties) = preSolution
		HideSolutionNode = FALSE
	EndGlobalSection
	GlobalSection(NestedProjects) = preSolution
		{9D254DE6-4C1B-473E-935D-A087CFF96350} = {F8F611B1-F4DC-4DE7-A39A-9E0077725EC3}
		{2B8C69DD-CC77-4F16-B4EC-AED2C6BAF2DE} = {267B41D7-497D-4D96-93F8-02EF808492CB}
	EndGlobalSection
	GlobalSection(ExtensibilityGlobals) = postSolution
		SolutionGuid = {325FA578-35A9-435D-A620-1C7CA5AF1E21}
	EndGlobalSection
EndGlobal
